
Microsoft Visual Studio Solution File, Format Version 12.00
# Visual Studio Version 17
VisualStudioVersion = 17.7.34009.444
MinimumVisualStudioVersion = 10.0.40219.1
Project("{9A19103F-16F7-4668-BE54-9A1E7A4F7556}") = "BaseAPI", "BaseAPI.csproj", "{923C5B1D-2A6D-44D6-8EB6-196628E664C4}"
EndProject
Project("{9A19103F-16F7-4668-BE54-9A1E7A4F7556}") = "Data.Repository", "..\Data.Repository\Data.Repository.csproj", "{50F99F86-ACDE-4F2D-BADD-977095F4FD1B}"
EndProject
Project("{9A19103F-16F7-4668-BE54-9A1E7A4F7556}") = "Data.Entity", "..\Data.Entity\Data.Entity.csproj", "{3F5458C9-720B-42F3-8F45-823378D2AC12}"
EndProject
Project("{9A19103F-16F7-4668-BE54-9A1E7A4F7556}") = "Data.Repository.Model", "..\Model.Repository\Data.Repository.Model.csproj", "{D61EA597-B387-4C26-8B9F-77AF8FE098B3}"
EndProject
Project("{9A19103F-16F7-4668-BE54-9A1E7A4F7556}") = "Data.Core", "..\Data\Data.Core.csproj", "{9F536C6B-6DD1-4B6A-B69B-9B4E48B33D3F}"
EndProject
Project("{9A19103F-16F7-4668-BE54-9A1E7A4F7556}") = "Infra", "..\Infra\Infra.csproj", "{134C974E-C4DB-46B9-8D99-3C7453D0F3C8}"
EndProject
Project("{9A19103F-16F7-4668-BE54-9A1E7A4F7556}") = "Business.Model", "..\Model.Business\Business.Model.csproj", "{0FBF7FA7-75C1-4EB1-9E5E-76C23ECC4EA2}"
EndProject
Project("{9A19103F-16F7-4668-BE54-9A1E7A4F7556}") = "Business", "..\Business\Business.csproj", "{2B13084B-52AC-4A5E-8A27-334D7DFC808C}"
EndProject
Project("{2150E333-8FDC-42A3-9474-1A3956D46DE8}") = "1 - Data", "1 - Data", "{305DFBC7-80BD-4F28-B1F1-C53C7AFD2FB5}"
EndProject
Project("{2150E333-8FDC-42A3-9474-1A3956D46DE8}") = "2 - Business", "2 - Business", "{DF3F2BBE-9313-44E5-BF88-BCE477A8DCBF}"
EndProject
Project("{2150E333-8FDC-42A3-9474-1A3956D46DE8}") = "3 - Infra", "3 - Infra", "{D5A6EE27-39B0-4B44-9CD0-EB6FDC929362}"
EndProject
Project("{2150E333-8FDC-42A3-9474-1A3956D46DE8}") = "4 - API", "4 - API", "{4EBB5547-70D5-4C95-96FA-1CB985FA6ADA}"
EndProject
Global
	GlobalSection(SolutionConfigurationPlatforms) = preSolution
		Debug|Any CPU = Debug|Any CPU
		Release|Any CPU = Release|Any CPU
	EndGlobalSection
	GlobalSection(ProjectConfigurationPlatforms) = postSolution
		{923C5B1D-2A6D-44D6-8EB6-196628E664C4}.Debug|Any CPU.ActiveCfg = Debug|Any CPU
		{923C5B1D-2A6D-44D6-8EB6-196628E664C4}.Debug|Any CPU.Build.0 = Debug|Any CPU
		{923C5B1D-2A6D-44D6-8EB6-196628E664C4}.Release|Any CPU.ActiveCfg = Release|Any CPU
		{923C5B1D-2A6D-44D6-8EB6-196628E664C4}.Release|Any CPU.Build.0 = Release|Any CPU
		{50F99F86-ACDE-4F2D-BADD-977095F4FD1B}.Debug|Any CPU.ActiveCfg = Debug|Any CPU
		{50F99F86-ACDE-4F2D-BADD-977095F4FD1B}.Debug|Any CPU.Build.0 = Debug|Any CPU
		{50F99F86-ACDE-4F2D-BADD-977095F4FD1B}.Release|Any CPU.ActiveCfg = Release|Any CPU
		{50F99F86-ACDE-4F2D-BADD-977095F4FD1B}.Release|Any CPU.Build.0 = Release|Any CPU
		{3F5458C9-720B-42F3-8F45-823378D2AC12}.Debug|Any CPU.ActiveCfg = Debug|Any CPU
		{3F5458C9-720B-42F3-8F45-823378D2AC12}.Debug|Any CPU.Build.0 = Debug|Any CPU
		{3F5458C9-720B-42F3-8F45-823378D2AC12}.Release|Any CPU.ActiveCfg = Release|Any CPU
		{3F5458C9-720B-42F3-8F45-823378D2AC12}.Release|Any CPU.Build.0 = Release|Any CPU
		{D61EA597-B387-4C26-8B9F-77AF8FE098B3}.Debug|Any CPU.ActiveCfg = Debug|Any CPU
		{D61EA597-B387-4C26-8B9F-77AF8FE098B3}.Debug|Any CPU.Build.0 = Debug|Any CPU
		{D61EA597-B387-4C26-8B9F-77AF8FE098B3}.Release|Any CPU.ActiveCfg = Release|Any CPU
		{D61EA597-B387-4C26-8B9F-77AF8FE098B3}.Release|Any CPU.Build.0 = Release|Any CPU
		{9F536C6B-6DD1-4B6A-B69B-9B4E48B33D3F}.Debug|Any CPU.ActiveCfg = Debug|Any CPU
		{9F536C6B-6DD1-4B6A-B69B-9B4E48B33D3F}.Debug|Any CPU.Build.0 = Debug|Any CPU
		{9F536C6B-6DD1-4B6A-B69B-9B4E48B33D3F}.Release|Any CPU.ActiveCfg = Release|Any CPU
		{9F536C6B-6DD1-4B6A-B69B-9B4E48B33D3F}.Release|Any CPU.Build.0 = Release|Any CPU
		{134C974E-C4DB-46B9-8D99-3C7453D0F3C8}.Debug|Any CPU.ActiveCfg = Debug|Any CPU
		{134C974E-C4DB-46B9-8D99-3C7453D0F3C8}.Debug|Any CPU.Build.0 = Debug|Any CPU
		{134C974E-C4DB-46B9-8D99-3C7453D0F3C8}.Release|Any CPU.ActiveCfg = Release|Any CPU
		{134C974E-C4DB-46B9-8D99-3C7453D0F3C8}.Release|Any CPU.Build.0 = Release|Any CPU
		{0FBF7FA7-75C1-4EB1-9E5E-76C23ECC4EA2}.Debug|Any CPU.ActiveCfg = Debug|Any CPU
		{0FBF7FA7-75C1-4EB1-9E5E-76C23ECC4EA2}.Debug|Any CPU.Build.0 = Debug|Any CPU
		{0FBF7FA7-75C1-4EB1-9E5E-76C23ECC4EA2}.Release|Any CPU.ActiveCfg = Release|Any CPU
		{0FBF7FA7-75C1-4EB1-9E5E-76C23ECC4EA2}.Release|Any CPU.Build.0 = Release|Any CPU
		{2B13084B-52AC-4A5E-8A27-334D7DFC808C}.Debug|Any CPU.ActiveCfg = Debug|Any CPU
		{2B13084B-52AC-4A5E-8A27-334D7DFC808C}.Debug|Any CPU.Build.0 = Debug|Any CPU
		{2B13084B-52AC-4A5E-8A27-334D7DFC808C}.Release|Any CPU.ActiveCfg = Release|Any CPU
		{2B13084B-52AC-4A5E-8A27-334D7DFC808C}.Release|Any CPU.Build.0 = Release|Any CPU
	EndGlobalSection
	GlobalSection(SolutionProperties) = preSolution
		HideSolutionNode = FALSE
	EndGlobalSection
	GlobalSection(NestedProjects) = preSolution
		{923C5B1D-2A6D-44D6-8EB6-196628E664C4} = {4EBB5547-70D5-4C95-96FA-1CB985FA6ADA}
		{50F99F86-ACDE-4F2D-BADD-977095F4FD1B} = {305DFBC7-80BD-4F28-B1F1-C53C7AFD2FB5}
		{3F5458C9-720B-42F3-8F45-823378D2AC12} = {305DFBC7-80BD-4F28-B1F1-C53C7AFD2FB5}
		{D61EA597-B387-4C26-8B9F-77AF8FE098B3} = {305DFBC7-80BD-4F28-B1F1-C53C7AFD2FB5}
		{9F536C6B-6DD1-4B6A-B69B-9B4E48B33D3F} = {305DFBC7-80BD-4F28-B1F1-C53C7AFD2FB5}
		{134C974E-C4DB-46B9-8D99-3C7453D0F3C8} = {D5A6EE27-39B0-4B44-9CD0-EB6FDC929362}
		{0FBF7FA7-75C1-4EB1-9E5E-76C23ECC4EA2} = {DF3F2BBE-9313-44E5-BF88-BCE477A8DCBF}
		{2B13084B-52AC-4A5E-8A27-334D7DFC808C} = {DF3F2BBE-9313-44E5-BF88-BCE477A8DCBF}
	EndGlobalSection
	GlobalSection(ExtensibilityGlobals) = postSolution
		SolutionGuid = {B27803C5-B7B7-4539-9E56-C99CD179E795}
	EndGlobalSection
EndGlobal
